// !$*UTF8*$!
{
	archiveVersion = 1;
	classes = {
	};
	objectVersion = 56;
	objects = {

/* Begin PBXBuildFile section */
		100CA9122ADC69D9004DCDA1 /* CDRemainderSchedule.swift in Sources */ = {isa = PBXBuildFile; fileRef = 100CA9112ADC69D9004DCDA1 /* CDRemainderSchedule.swift */; };
		101284892AE050DA00014C76 /* SearchViewModel.swift in Sources */ = {isa = PBXBuildFile; fileRef = 101284882AE050DA00014C76 /* SearchViewModel.swift */; };
		10132CE52AFBEFA700B8DFAF /* DateFormatter.swift in Sources */ = {isa = PBXBuildFile; fileRef = 10132CE42AFBEFA700B8DFAF /* DateFormatter.swift */; };
		10132CE72AFBF51400B8DFAF /* SheetManager.swift in Sources */ = {isa = PBXBuildFile; fileRef = 10132CE62AFBF51400B8DFAF /* SheetManager.swift */; };
		10132CE92AFC369200B8DFAF /* ArrayOfColors.swift in Sources */ = {isa = PBXBuildFile; fileRef = 10132CE82AFC369200B8DFAF /* ArrayOfColors.swift */; };
		10132CEB2AFC36D100B8DFAF /* ArraysOfIcons.swift in Sources */ = {isa = PBXBuildFile; fileRef = 10132CEA2AFC36D100B8DFAF /* ArraysOfIcons.swift */; };
		102C3EB52AFA79A20037B238 /* ListView.swift in Sources */ = {isa = PBXBuildFile; fileRef = 102C3EB42AFA79A20037B238 /* ListView.swift */; };
		102C3EB72AFA82FF0037B238 /* Modifiers.swift in Sources */ = {isa = PBXBuildFile; fileRef = 102C3EB62AFA82FF0037B238 /* Modifiers.swift */; };
		102C3EB92AFA9EC40037B238 /* Assets.xcassets in Resources */ = {isa = PBXBuildFile; fileRef = 102C3EB82AFA9EC40037B238 /* Assets.xcassets */; };
		102C3EBB2AFAB9050037B238 /* RemainderRow.swift in Sources */ = {isa = PBXBuildFile; fileRef = 102C3EBA2AFAB9050037B238 /* RemainderRow.swift */; };
		102DE48E2AF3EC4B00AE9BD4 /* repeatCycleManager.swift in Sources */ = {isa = PBXBuildFile; fileRef = 102DE48D2AF3EC4B00AE9BD4 /* repeatCycleManager.swift */; };
		1033288D2B029D540093CEEA /* ListTest.swift in Sources */ = {isa = PBXBuildFile; fileRef = 1033288C2B029D540093CEEA /* ListTest.swift */; };
		1033288F2B02A85B0093CEEA /* RemainderTest.swift in Sources */ = {isa = PBXBuildFile; fileRef = 1033288E2B02A85B0093CEEA /* RemainderTest.swift */; };
		103328922B02AEBF0093CEEA /* RouteTest.swift in Sources */ = {isa = PBXBuildFile; fileRef = 103328912B02AEBF0093CEEA /* RouteTest.swift */; };
		103AC0272B7906D5000672DD /* TabModel.swift in Sources */ = {isa = PBXBuildFile; fileRef = 103AC0262B7906D5000672DD /* TabModel.swift */; };
		103AC0292B79070C000672DD /* RemaindersTab.swift in Sources */ = {isa = PBXBuildFile; fileRef = 103AC0282B79070C000672DD /* RemaindersTab.swift */; };
		104ECFB62AB6273A0083B3D6 /* TodoApp.swift in Sources */ = {isa = PBXBuildFile; fileRef = 104ECFB52AB6273A0083B3D6 /* TodoApp.swift */; };
		104ECFB82AB6273A0083B3D6 /* ContentView.swift in Sources */ = {isa = PBXBuildFile; fileRef = 104ECFB72AB6273A0083B3D6 /* ContentView.swift */; };
		104ECFBD2AB6273C0083B3D6 /* Preview Assets.xcassets in Resources */ = {isa = PBXBuildFile; fileRef = 104ECFBC2AB6273C0083B3D6 /* Preview Assets.xcassets */; };
		104ECFBF2AB6273C0083B3D6 /* Persistence.swift in Sources */ = {isa = PBXBuildFile; fileRef = 104ECFBE2AB6273C0083B3D6 /* Persistence.swift */; };
		104ECFED2AB6288A0083B3D6 /* AuthModel.swift in Sources */ = {isa = PBXBuildFile; fileRef = 104ECFEC2AB6288A0083B3D6 /* AuthModel.swift */; };
		104ECFF02AB628E50083B3D6 /* AuthViewModel.swift in Sources */ = {isa = PBXBuildFile; fileRef = 104ECFEF2AB628E50083B3D6 /* AuthViewModel.swift */; };
		104ECFF42AB6370A0083B3D6 /* GoogleService-Info.plist in Resources */ = {isa = PBXBuildFile; fileRef = 104ECFF32AB6370A0083B3D6 /* GoogleService-Info.plist */; };
		1050F2292AB8A14D001EA255 /* SignIn.swift in Sources */ = {isa = PBXBuildFile; fileRef = 1050F2282AB8A14D001EA255 /* SignIn.swift */; };
		1050F22B2AB8A164001EA255 /* SignUp.swift in Sources */ = {isa = PBXBuildFile; fileRef = 1050F22A2AB8A164001EA255 /* SignUp.swift */; };
		1050F22D2AB8A173001EA255 /* AuthView.swift in Sources */ = {isa = PBXBuildFile; fileRef = 1050F22C2AB8A173001EA255 /* AuthView.swift */; };
		1050F2322AB8B2F5001EA255 /* PasswordField.swift in Sources */ = {isa = PBXBuildFile; fileRef = 1050F2312AB8B2F5001EA255 /* PasswordField.swift */; };
		1050F2342AB8B862001EA255 /* AuthenticationManager.swift in Sources */ = {isa = PBXBuildFile; fileRef = 1050F2332AB8B862001EA255 /* AuthenticationManager.swift */; };
		1051EEB12AD6D9EA00B3C30B /* TodoModel.xcdatamodeld in Sources */ = {isa = PBXBuildFile; fileRef = 1051EEAF2AD6D9EA00B3C30B /* TodoModel.xcdatamodeld */; };
		1051EEB32AD6DC4A00B3C30B /* CDList.swift in Sources */ = {isa = PBXBuildFile; fileRef = 1051EEB22AD6DC4A00B3C30B /* CDList.swift */; };
		1051EEB52AD6DC5200B3C30B /* CDRemainders.swift in Sources */ = {isa = PBXBuildFile; fileRef = 1051EEB42AD6DC5200B3C30B /* CDRemainders.swift */; };
		1051EEB72AD6E77B00B3C30B /* PersistenceController.swift in Sources */ = {isa = PBXBuildFile; fileRef = 1051EEB62AD6E77B00B3C30B /* PersistenceController.swift */; };
		1051EEB92AD6F1E700B3C30B /* Predicate.swift in Sources */ = {isa = PBXBuildFile; fileRef = 1051EEB82AD6F1E700B3C30B /* Predicate.swift */; };
		105936CB2AFBC37200823D41 /* AddRemainder.swift in Sources */ = {isa = PBXBuildFile; fileRef = 105936CA2AFBC37200823D41 /* AddRemainder.swift */; };
		105936CE2AFBD53700823D41 /* TimeView.swift in Sources */ = {isa = PBXBuildFile; fileRef = 105936CD2AFBD53700823D41 /* TimeView.swift */; };
		105936D02AFBD72D00823D41 /* Duration.swift in Sources */ = {isa = PBXBuildFile; fileRef = 105936CF2AFBD72D00823D41 /* Duration.swift */; };
		105936D32AFBD75500823D41 /* Repeat.swift in Sources */ = {isa = PBXBuildFile; fileRef = 105936D22AFBD75500823D41 /* Repeat.swift */; };
		105AAC4E2AFD251400F44993 /* DurationManager.swift in Sources */ = {isa = PBXBuildFile; fileRef = 105AAC4D2AFD251400F44993 /* DurationManager.swift */; };
		106B7D052B6FB7CD00E5ABCF /* GroupedTaskModel.swift in Sources */ = {isa = PBXBuildFile; fileRef = 106B7D042B6FB7CD00E5ABCF /* GroupedTaskModel.swift */; };
		107075762AC1C44600793E13 /* AddList.swift in Sources */ = {isa = PBXBuildFile; fileRef = 107075752AC1C44600793E13 /* AddList.swift */; };
		1070757B2AC1C50700793E13 /* ListViewModel.swift in Sources */ = {isa = PBXBuildFile; fileRef = 1070757A2AC1C50700793E13 /* ListViewModel.swift */; };
		107A04B62B794DAC00233ADC /* SlideButton in Frameworks */ = {isa = PBXBuildFile; productRef = 107A04B52B794DAC00233ADC /* SlideButton */; };
		1091F4DE2AFE63EB00A367A5 /* RoutingModel.swift in Sources */ = {isa = PBXBuildFile; fileRef = 1091F4DD2AFE63EB00A367A5 /* RoutingModel.swift */; };
		1091F4E12AFE679200A367A5 /* NavigationManager.swift in Sources */ = {isa = PBXBuildFile; fileRef = 1091F4E02AFE679200A367A5 /* NavigationManager.swift */; };
		1099B7692B0165DF007264F8 /* EditRemainder.swift in Sources */ = {isa = PBXBuildFile; fileRef = 1099B7682B0165DF007264F8 /* EditRemainder.swift */; };
		10A078D32ADAF3F900FE2BF0 /* TaskGroup.swift in Sources */ = {isa = PBXBuildFile; fileRef = 10A078D22ADAF3F900FE2BF0 /* TaskGroup.swift */; };
		10A078D52ADB108700FE2BF0 /* GroupedTaskView.swift in Sources */ = {isa = PBXBuildFile; fileRef = 10A078D42ADB108700FE2BF0 /* GroupedTaskView.swift */; };
		10CE85CC2AC44D6F0086C8DA /* Calender.swift in Sources */ = {isa = PBXBuildFile; fileRef = 10CE85CB2AC44D6F0086C8DA /* Calender.swift */; };
		10D72A702AC3228A00193E93 /* RemainderViewModel.swift in Sources */ = {isa = PBXBuildFile; fileRef = 10D72A6F2AC3228A00193E93 /* RemainderViewModel.swift */; };
		10D72A752AC32A2C00193E93 /* RemainderView.swift in Sources */ = {isa = PBXBuildFile; fileRef = 10D72A742AC32A2C00193E93 /* RemainderView.swift */; };
		10D72A772AC32BFC00193E93 /* DropDownMenu.swift in Sources */ = {isa = PBXBuildFile; fileRef = 10D72A762AC32BFC00193E93 /* DropDownMenu.swift */; };
		10E0E8712AB9EA1200E2359D /* Home.swift in Sources */ = {isa = PBXBuildFile; fileRef = 10E0E8702AB9EA1200E2359D /* Home.swift */; };
		10E0E8732AB9EA1F00E2359D /* Settings.swift in Sources */ = {isa = PBXBuildFile; fileRef = 10E0E8722AB9EA1F00E2359D /* Settings.swift */; };
		10E0E8752AB9EA2C00E2359D /* Search.swift in Sources */ = {isa = PBXBuildFile; fileRef = 10E0E8742AB9EA2C00E2359D /* Search.swift */; };
		10E0E87C2ABA0F0300E2359D /* Styles.swift in Sources */ = {isa = PBXBuildFile; fileRef = 10E0E87B2ABA0F0300E2359D /* Styles.swift */; };
		10EB44C02B02782B001EE0A1 /* EditList.swift in Sources */ = {isa = PBXBuildFile; fileRef = 10EB44BF2B02782B001EE0A1 /* EditList.swift */; };
		10F9A4F22AC9C50E005B5231 /* CompletedView.swift in Sources */ = {isa = PBXBuildFile; fileRef = 10F9A4F12AC9C50E005B5231 /* CompletedView.swift */; };
/* End PBXBuildFile section */

/* Begin PBXContainerItemProxy section */
		104ECFC92AB6273C0083B3D6 /* PBXContainerItemProxy */ = {
			isa = PBXContainerItemProxy;
			containerPortal = 104ECFAA2AB627390083B3D6 /* Project object */;
			proxyType = 1;
			remoteGlobalIDString = 104ECFB12AB627390083B3D6;
			remoteInfo = Todo;
		};
/* End PBXContainerItemProxy section */

/* Begin PBXFileReference section */
		100CA9112ADC69D9004DCDA1 /* CDRemainderSchedule.swift */ = {isa = PBXFileReference; lastKnownFileType = sourcecode.swift; path = CDRemainderSchedule.swift; sourceTree = "<group>"; };
		101284882AE050DA00014C76 /* SearchViewModel.swift */ = {isa = PBXFileReference; lastKnownFileType = sourcecode.swift; path = SearchViewModel.swift; sourceTree = "<group>"; };
		10132CE42AFBEFA700B8DFAF /* DateFormatter.swift */ = {isa = PBXFileReference; lastKnownFileType = sourcecode.swift; path = DateFormatter.swift; sourceTree = "<group>"; };
		10132CE62AFBF51400B8DFAF /* SheetManager.swift */ = {isa = PBXFileReference; lastKnownFileType = sourcecode.swift; path = SheetManager.swift; sourceTree = "<group>"; };
		10132CE82AFC369200B8DFAF /* ArrayOfColors.swift */ = {isa = PBXFileReference; lastKnownFileType = sourcecode.swift; path = ArrayOfColors.swift; sourceTree = "<group>"; };
		10132CEA2AFC36D100B8DFAF /* ArraysOfIcons.swift */ = {isa = PBXFileReference; lastKnownFileType = sourcecode.swift; path = ArraysOfIcons.swift; sourceTree = "<group>"; };
		102C3EB42AFA79A20037B238 /* ListView.swift */ = {isa = PBXFileReference; lastKnownFileType = sourcecode.swift; path = ListView.swift; sourceTree = "<group>"; };
		102C3EB62AFA82FF0037B238 /* Modifiers.swift */ = {isa = PBXFileReference; lastKnownFileType = sourcecode.swift; path = Modifiers.swift; sourceTree = "<group>"; };
		102C3EB82AFA9EC40037B238 /* Assets.xcassets */ = {isa = PBXFileReference; lastKnownFileType = folder.assetcatalog; path = Assets.xcassets; sourceTree = "<group>"; };
		102C3EBA2AFAB9050037B238 /* RemainderRow.swift */ = {isa = PBXFileReference; lastKnownFileType = sourcecode.swift; path = RemainderRow.swift; sourceTree = "<group>"; };
		102DE48D2AF3EC4B00AE9BD4 /* repeatCycleManager.swift */ = {isa = PBXFileReference; lastKnownFileType = sourcecode.swift; path = repeatCycleManager.swift; sourceTree = "<group>"; };
		1033288C2B029D540093CEEA /* ListTest.swift */ = {isa = PBXFileReference; lastKnownFileType = sourcecode.swift; path = ListTest.swift; sourceTree = "<group>"; };
		1033288E2B02A85B0093CEEA /* RemainderTest.swift */ = {isa = PBXFileReference; lastKnownFileType = sourcecode.swift; path = RemainderTest.swift; sourceTree = "<group>"; };
		103328912B02AEBF0093CEEA /* RouteTest.swift */ = {isa = PBXFileReference; lastKnownFileType = sourcecode.swift; path = RouteTest.swift; sourceTree = "<group>"; };
		103AC0262B7906D5000672DD /* TabModel.swift */ = {isa = PBXFileReference; lastKnownFileType = sourcecode.swift; path = TabModel.swift; sourceTree = "<group>"; };
		103AC0282B79070C000672DD /* RemaindersTab.swift */ = {isa = PBXFileReference; lastKnownFileType = sourcecode.swift; path = RemaindersTab.swift; sourceTree = "<group>"; };
		104ECFB22AB627390083B3D6 /* Todo.app */ = {isa = PBXFileReference; explicitFileType = wrapper.application; includeInIndex = 0; path = Todo.app; sourceTree = BUILT_PRODUCTS_DIR; };
		104ECFB52AB6273A0083B3D6 /* TodoApp.swift */ = {isa = PBXFileReference; lastKnownFileType = sourcecode.swift; path = TodoApp.swift; sourceTree = "<group>"; };
		104ECFB72AB6273A0083B3D6 /* ContentView.swift */ = {isa = PBXFileReference; lastKnownFileType = sourcecode.swift; path = ContentView.swift; sourceTree = "<group>"; };
		104ECFBC2AB6273C0083B3D6 /* Preview Assets.xcassets */ = {isa = PBXFileReference; lastKnownFileType = folder.assetcatalog; path = "Preview Assets.xcassets"; sourceTree = "<group>"; };
		104ECFBE2AB6273C0083B3D6 /* Persistence.swift */ = {isa = PBXFileReference; lastKnownFileType = sourcecode.swift; path = Persistence.swift; sourceTree = "<group>"; };
		104ECFC32AB6273C0083B3D6 /* Info.plist */ = {isa = PBXFileReference; lastKnownFileType = text.plist.xml; path = Info.plist; sourceTree = "<group>"; };
		104ECFC82AB6273C0083B3D6 /* TodoTests.xctest */ = {isa = PBXFileReference; explicitFileType = wrapper.cfbundle; includeInIndex = 0; path = TodoTests.xctest; sourceTree = BUILT_PRODUCTS_DIR; };
		104ECFEC2AB6288A0083B3D6 /* AuthModel.swift */ = {isa = PBXFileReference; lastKnownFileType = sourcecode.swift; path = AuthModel.swift; sourceTree = "<group>"; };
		104ECFEF2AB628E50083B3D6 /* AuthViewModel.swift */ = {isa = PBXFileReference; lastKnownFileType = sourcecode.swift; path = AuthViewModel.swift; sourceTree = "<group>"; };
		104ECFF32AB6370A0083B3D6 /* GoogleService-Info.plist */ = {isa = PBXFileReference; lastKnownFileType = text.plist; path = "GoogleService-Info.plist"; sourceTree = SOURCE_ROOT; };
		1050F2282AB8A14D001EA255 /* SignIn.swift */ = {isa = PBXFileReference; lastKnownFileType = sourcecode.swift; path = SignIn.swift; sourceTree = "<group>"; };
		1050F22A2AB8A164001EA255 /* SignUp.swift */ = {isa = PBXFileReference; lastKnownFileType = sourcecode.swift; path = SignUp.swift; sourceTree = "<group>"; };
		1050F22C2AB8A173001EA255 /* AuthView.swift */ = {isa = PBXFileReference; lastKnownFileType = sourcecode.swift; path = AuthView.swift; sourceTree = "<group>"; };
		1050F2312AB8B2F5001EA255 /* PasswordField.swift */ = {isa = PBXFileReference; lastKnownFileType = sourcecode.swift; path = PasswordField.swift; sourceTree = "<group>"; };
		1050F2332AB8B862001EA255 /* AuthenticationManager.swift */ = {isa = PBXFileReference; lastKnownFileType = sourcecode.swift; path = AuthenticationManager.swift; sourceTree = "<group>"; };
		1051EEB02AD6D9EA00B3C30B /* TodoModel.xcdatamodel */ = {isa = PBXFileReference; lastKnownFileType = wrapper.xcdatamodel; path = TodoModel.xcdatamodel; sourceTree = "<group>"; };
		1051EEB22AD6DC4A00B3C30B /* CDList.swift */ = {isa = PBXFileReference; lastKnownFileType = sourcecode.swift; path = CDList.swift; sourceTree = "<group>"; };
		1051EEB42AD6DC5200B3C30B /* CDRemainders.swift */ = {isa = PBXFileReference; lastKnownFileType = sourcecode.swift; path = CDRemainders.swift; sourceTree = "<group>"; };
		1051EEB62AD6E77B00B3C30B /* PersistenceController.swift */ = {isa = PBXFileReference; lastKnownFileType = sourcecode.swift; path = PersistenceController.swift; sourceTree = "<group>"; };
		1051EEB82AD6F1E700B3C30B /* Predicate.swift */ = {isa = PBXFileReference; lastKnownFileType = sourcecode.swift; path = Predicate.swift; sourceTree = "<group>"; };
		105936CA2AFBC37200823D41 /* AddRemainder.swift */ = {isa = PBXFileReference; lastKnownFileType = sourcecode.swift; path = AddRemainder.swift; sourceTree = "<group>"; };
		105936CD2AFBD53700823D41 /* TimeView.swift */ = {isa = PBXFileReference; lastKnownFileType = sourcecode.swift; path = TimeView.swift; sourceTree = "<group>"; };
		105936CF2AFBD72D00823D41 /* Duration.swift */ = {isa = PBXFileReference; lastKnownFileType = sourcecode.swift; path = Duration.swift; sourceTree = "<group>"; };
		105936D22AFBD75500823D41 /* Repeat.swift */ = {isa = PBXFileReference; lastKnownFileType = sourcecode.swift; path = Repeat.swift; sourceTree = "<group>"; };
		105AAC4D2AFD251400F44993 /* DurationManager.swift */ = {isa = PBXFileReference; lastKnownFileType = sourcecode.swift; path = DurationManager.swift; sourceTree = "<group>"; };
		106B7D042B6FB7CD00E5ABCF /* GroupedTaskModel.swift */ = {isa = PBXFileReference; lastKnownFileType = sourcecode.swift; path = GroupedTaskModel.swift; sourceTree = "<group>"; };
		107075752AC1C44600793E13 /* AddList.swift */ = {isa = PBXFileReference; lastKnownFileType = sourcecode.swift; path = AddList.swift; sourceTree = "<group>"; };
		1070757A2AC1C50700793E13 /* ListViewModel.swift */ = {isa = PBXFileReference; lastKnownFileType = sourcecode.swift; path = ListViewModel.swift; sourceTree = "<group>"; };
		1091F4DD2AFE63EB00A367A5 /* RoutingModel.swift */ = {isa = PBXFileReference; lastKnownFileType = sourcecode.swift; path = RoutingModel.swift; sourceTree = "<group>"; };
		1091F4E02AFE679200A367A5 /* NavigationManager.swift */ = {isa = PBXFileReference; lastKnownFileType = sourcecode.swift; path = NavigationManager.swift; sourceTree = "<group>"; };
		1099B7682B0165DF007264F8 /* EditRemainder.swift */ = {isa = PBXFileReference; lastKnownFileType = sourcecode.swift; path = EditRemainder.swift; sourceTree = "<group>"; };
		10A078D22ADAF3F900FE2BF0 /* TaskGroup.swift */ = {isa = PBXFileReference; lastKnownFileType = sourcecode.swift; path = TaskGroup.swift; sourceTree = "<group>"; };
		10A078D42ADB108700FE2BF0 /* GroupedTaskView.swift */ = {isa = PBXFileReference; lastKnownFileType = sourcecode.swift; path = GroupedTaskView.swift; sourceTree = "<group>"; };
		10CE85CB2AC44D6F0086C8DA /* Calender.swift */ = {isa = PBXFileReference; lastKnownFileType = sourcecode.swift; path = Calender.swift; sourceTree = "<group>"; };
		10D72A6F2AC3228A00193E93 /* RemainderViewModel.swift */ = {isa = PBXFileReference; lastKnownFileType = sourcecode.swift; path = RemainderViewModel.swift; sourceTree = "<group>"; };
		10D72A742AC32A2C00193E93 /* RemainderView.swift */ = {isa = PBXFileReference; lastKnownFileType = sourcecode.swift; path = RemainderView.swift; sourceTree = "<group>"; };
		10D72A762AC32BFC00193E93 /* DropDownMenu.swift */ = {isa = PBXFileReference; lastKnownFileType = sourcecode.swift; path = DropDownMenu.swift; sourceTree = "<group>"; };
		10E0E8702AB9EA1200E2359D /* Home.swift */ = {isa = PBXFileReference; lastKnownFileType = sourcecode.swift; path = Home.swift; sourceTree = "<group>"; };
		10E0E8722AB9EA1F00E2359D /* Settings.swift */ = {isa = PBXFileReference; lastKnownFileType = sourcecode.swift; path = Settings.swift; sourceTree = "<group>"; };
		10E0E8742AB9EA2C00E2359D /* Search.swift */ = {isa = PBXFileReference; lastKnownFileType = sourcecode.swift; path = Search.swift; sourceTree = "<group>"; };
		10E0E87B2ABA0F0300E2359D /* Styles.swift */ = {isa = PBXFileReference; lastKnownFileType = sourcecode.swift; path = Styles.swift; sourceTree = "<group>"; };
		10EB44BF2B02782B001EE0A1 /* EditList.swift */ = {isa = PBXFileReference; lastKnownFileType = sourcecode.swift; path = EditList.swift; sourceTree = "<group>"; };
		10F9A4F12AC9C50E005B5231 /* CompletedView.swift */ = {isa = PBXFileReference; lastKnownFileType = sourcecode.swift; path = CompletedView.swift; sourceTree = "<group>"; };
/* End PBXFileReference section */

/* Begin PBXFrameworksBuildPhase section */
		104ECFAF2AB627390083B3D6 /* Frameworks */ = {
			isa = PBXFrameworksBuildPhase;
			buildActionMask = 2147483647;
			files = (
				107A04B62B794DAC00233ADC /* SlideButton in Frameworks */,
			);
			runOnlyForDeploymentPostprocessing = 0;
		};
		104ECFC52AB6273C0083B3D6 /* Frameworks */ = {
			isa = PBXFrameworksBuildPhase;
			buildActionMask = 2147483647;
			files = (
			);
			runOnlyForDeploymentPostprocessing = 0;
		};
/* End PBXFrameworksBuildPhase section */

/* Begin PBXGroup section */
		101284872AE050CA00014C76 /* Search */ = {
			isa = PBXGroup;
			children = (
				101284882AE050DA00014C76 /* SearchViewModel.swift */,
			);
			path = Search;
			sourceTree = "<group>";
		};
		102DE48C2AF3EC2D00AE9BD4 /* RepeatService */ = {
			isa = PBXGroup;
			children = (
				102DE48D2AF3EC4B00AE9BD4 /* repeatCycleManager.swift */,
			);
			path = RepeatService;
			sourceTree = "<group>";
		};
		104ECFA92AB627390083B3D6 = {
			isa = PBXGroup;
			children = (
				104ECFB42AB627390083B3D6 /* Todo */,
				104ECFCB2AB6273C0083B3D6 /* TodoTests */,
				104ECFB32AB627390083B3D6 /* Products */,
				107A04B42B794DAC00233ADC /* Frameworks */,
			);
			sourceTree = "<group>";
		};
		104ECFB32AB627390083B3D6 /* Products */ = {
			isa = PBXGroup;
			children = (
				104ECFB22AB627390083B3D6 /* Todo.app */,
				104ECFC82AB6273C0083B3D6 /* TodoTests.xctest */,
			);
			name = Products;
			sourceTree = "<group>";
		};
		104ECFB42AB627390083B3D6 /* Todo */ = {
			isa = PBXGroup;
			children = (
				104ECFB52AB6273A0083B3D6 /* TodoApp.swift */,
				104ECFE72AB627D00083B3D6 /* Views */,
				104ECFE52AB627B20083B3D6 /* Model */,
				104ECFE62AB627C40083B3D6 /* ViewModel */,
				104ECFC32AB6273C0083B3D6 /* Info.plist */,
				104ECFF32AB6370A0083B3D6 /* GoogleService-Info.plist */,
				102C3EB82AFA9EC40037B238 /* Assets.xcassets */,
				104ECFEA2AB6285D0083B3D6 /* Services */,
				104ECFBE2AB6273C0083B3D6 /* Persistence.swift */,
				105936CC2AFBD50300823D41 /* Componts */,
				1050F2302AB8B2CF001EA255 /* Util */,
				1051EEAE2AD6D9CF00B3C30B /* CDModel */,
				104ECFBB2AB6273C0083B3D6 /* Preview Content */,
			);
			path = Todo;
			sourceTree = "<group>";
		};
		104ECFBB2AB6273C0083B3D6 /* Preview Content */ = {
			isa = PBXGroup;
			children = (
				104ECFBC2AB6273C0083B3D6 /* Preview Assets.xcassets */,
			);
			path = "Preview Content";
			sourceTree = "<group>";
		};
		104ECFCB2AB6273C0083B3D6 /* TodoTests */ = {
			isa = PBXGroup;
			children = (
				1033288C2B029D540093CEEA /* ListTest.swift */,
				1033288E2B02A85B0093CEEA /* RemainderTest.swift */,
				103328912B02AEBF0093CEEA /* RouteTest.swift */,
			);
			path = TodoTests;
			sourceTree = "<group>";
		};
		104ECFE52AB627B20083B3D6 /* Model */ = {
			isa = PBXGroup;
			children = (
				104ECFEC2AB6288A0083B3D6 /* AuthModel.swift */,
				10A078D22ADAF3F900FE2BF0 /* TaskGroup.swift */,
				1091F4DD2AFE63EB00A367A5 /* RoutingModel.swift */,
				103AC0262B7906D5000672DD /* TabModel.swift */,
			);
			path = Model;
			sourceTree = "<group>";
		};
		104ECFE62AB627C40083B3D6 /* ViewModel */ = {
			isa = PBXGroup;
			children = (
				106B7D032B6FB7B700E5ABCF /* GroupTaskedModel */,
				101284872AE050CA00014C76 /* Search */,
				10D72A6E2AC3227A00193E93 /* Remainder */,
				107075792AC1C4EF00793E13 /* LIst */,
				104ECFEE2AB628C80083B3D6 /* Authentication */,
			);
			path = ViewModel;
			sourceTree = "<group>";
		};
		104ECFE72AB627D00083B3D6 /* Views */ = {
			isa = PBXGroup;
			children = (
				10D72A732AC32A1800193E93 /* RemainderView */,
				107075742AC1C43200793E13 /* ListView */,
				10E0E86F2AB9E9FD00E2359D /* Mainiew */,
				1050F2272AB8A130001EA255 /* AuthView */,
				104ECFE82AB628110083B3D6 /* Navigation */,
			);
			path = Views;
			sourceTree = "<group>";
		};
		104ECFE82AB628110083B3D6 /* Navigation */ = {
			isa = PBXGroup;
			children = (
				104ECFB72AB6273A0083B3D6 /* ContentView.swift */,
			);
			path = Navigation;
			sourceTree = "<group>";
		};
		104ECFEA2AB6285D0083B3D6 /* Services */ = {
			isa = PBXGroup;
			children = (
				1091F4DF2AFE677900A367A5 /* NavigationService */,
				102DE48C2AF3EC2D00AE9BD4 /* RepeatService */,
				104ECFEB2AB628690083B3D6 /* AuthServices */,
			);
			path = Services;
			sourceTree = "<group>";
		};
		104ECFEB2AB628690083B3D6 /* AuthServices */ = {
			isa = PBXGroup;
			children = (
				1050F2332AB8B862001EA255 /* AuthenticationManager.swift */,
			);
			path = AuthServices;
			sourceTree = "<group>";
		};
		104ECFEE2AB628C80083B3D6 /* Authentication */ = {
			isa = PBXGroup;
			children = (
				104ECFEF2AB628E50083B3D6 /* AuthViewModel.swift */,
			);
			path = Authentication;
			sourceTree = "<group>";
		};
		1050F2272AB8A130001EA255 /* AuthView */ = {
			isa = PBXGroup;
			children = (
				1050F2282AB8A14D001EA255 /* SignIn.swift */,
				1050F22A2AB8A164001EA255 /* SignUp.swift */,
				1050F22C2AB8A173001EA255 /* AuthView.swift */,
			);
			path = AuthView;
			sourceTree = "<group>";
		};
		1050F2302AB8B2CF001EA255 /* Util */ = {
			isa = PBXGroup;
			children = (
				10E0E87B2ABA0F0300E2359D /* Styles.swift */,
				102C3EB62AFA82FF0037B238 /* Modifiers.swift */,
				10132CE42AFBEFA700B8DFAF /* DateFormatter.swift */,
				10132CE62AFBF51400B8DFAF /* SheetManager.swift */,
				105AAC4D2AFD251400F44993 /* DurationManager.swift */,
			);
			path = Util;
			sourceTree = "<group>";
		};
		1051EEAE2AD6D9CF00B3C30B /* CDModel */ = {
			isa = PBXGroup;
			children = (
				1051EEAF2AD6D9EA00B3C30B /* TodoModel.xcdatamodeld */,
				100CA9112ADC69D9004DCDA1 /* CDRemainderSchedule.swift */,
				1051EEB22AD6DC4A00B3C30B /* CDList.swift */,
				1051EEB42AD6DC5200B3C30B /* CDRemainders.swift */,
				1051EEB62AD6E77B00B3C30B /* PersistenceController.swift */,
				1051EEB82AD6F1E700B3C30B /* Predicate.swift */,
			);
			path = CDModel;
			sourceTree = "<group>";
		};
		105936CC2AFBD50300823D41 /* Componts */ = {
			isa = PBXGroup;
			children = (
				10CE85CB2AC44D6F0086C8DA /* Calender.swift */,
				10D72A762AC32BFC00193E93 /* DropDownMenu.swift */,
				1050F2312AB8B2F5001EA255 /* PasswordField.swift */,
				105936CD2AFBD53700823D41 /* TimeView.swift */,
				105936CF2AFBD72D00823D41 /* Duration.swift */,
				105936D22AFBD75500823D41 /* Repeat.swift */,
				10132CE82AFC369200B8DFAF /* ArrayOfColors.swift */,
				10132CEA2AFC36D100B8DFAF /* ArraysOfIcons.swift */,
				103AC0282B79070C000672DD /* RemaindersTab.swift */,
			);
			path = Componts;
			sourceTree = "<group>";
		};
		106B7D032B6FB7B700E5ABCF /* GroupTaskedModel */ = {
			isa = PBXGroup;
			children = (
				106B7D042B6FB7CD00E5ABCF /* GroupedTaskModel.swift */,
			);
			path = GroupTaskedModel;
			sourceTree = "<group>";
		};
		107075742AC1C43200793E13 /* ListView */ = {
			isa = PBXGroup;
			children = (
				107075752AC1C44600793E13 /* AddList.swift */,
				102C3EB42AFA79A20037B238 /* ListView.swift */,
				10EB44BF2B02782B001EE0A1 /* EditList.swift */,
			);
			path = ListView;
			sourceTree = "<group>";
		};
		107075792AC1C4EF00793E13 /* LIst */ = {
			isa = PBXGroup;
			children = (
				1070757A2AC1C50700793E13 /* ListViewModel.swift */,
			);
			path = LIst;
			sourceTree = "<group>";
		};
		107A04B42B794DAC00233ADC /* Frameworks */ = {
			isa = PBXGroup;
			children = (
			);
			name = Frameworks;
			sourceTree = "<group>";
		};
		1091F4DF2AFE677900A367A5 /* NavigationService */ = {
			isa = PBXGroup;
			children = (
				1091F4E02AFE679200A367A5 /* NavigationManager.swift */,
			);
			path = NavigationService;
			sourceTree = "<group>";
		};
		10D72A6E2AC3227A00193E93 /* Remainder */ = {
			isa = PBXGroup;
			children = (
				10D72A6F2AC3228A00193E93 /* RemainderViewModel.swift */,
			);
			path = Remainder;
			sourceTree = "<group>";
		};
		10D72A732AC32A1800193E93 /* RemainderView */ = {
			isa = PBXGroup;
			children = (
				10D72A742AC32A2C00193E93 /* RemainderView.swift */,
				102C3EBA2AFAB9050037B238 /* RemainderRow.swift */,
				10F9A4F12AC9C50E005B5231 /* CompletedView.swift */,
				10A078D42ADB108700FE2BF0 /* GroupedTaskView.swift */,
				105936CA2AFBC37200823D41 /* AddRemainder.swift */,
				1099B7682B0165DF007264F8 /* EditRemainder.swift */,
			);
			path = RemainderView;
			sourceTree = "<group>";
		};
		10E0E86F2AB9E9FD00E2359D /* Mainiew */ = {
			isa = PBXGroup;
			children = (
				10E0E8702AB9EA1200E2359D /* Home.swift */,
				10E0E8722AB9EA1F00E2359D /* Settings.swift */,
				10E0E8742AB9EA2C00E2359D /* Search.swift */,
			);
			path = Mainiew;
			sourceTree = "<group>";
		};
/* End PBXGroup section */

/* Begin PBXNativeTarget section */
		104ECFB12AB627390083B3D6 /* Todo */ = {
			isa = PBXNativeTarget;
			buildConfigurationList = 104ECFDC2AB6273C0083B3D6 /* Build configuration list for PBXNativeTarget "Todo" */;
			buildPhases = (
				104ECFAE2AB627390083B3D6 /* Sources */,
				104ECFAF2AB627390083B3D6 /* Frameworks */,
				104ECFB02AB627390083B3D6 /* Resources */,
			);
			buildRules = (
			);
			dependencies = (
			);
			name = Todo;
			packageProductDependencies = (
				107A04B52B794DAC00233ADC /* SlideButton */,
			);
			productName = Todo;
			productReference = 104ECFB22AB627390083B3D6 /* Todo.app */;
			productType = "com.apple.product-type.application";
		};
		104ECFC72AB6273C0083B3D6 /* TodoTests */ = {
			isa = PBXNativeTarget;
			buildConfigurationList = 104ECFDF2AB6273C0083B3D6 /* Build configuration list for PBXNativeTarget "TodoTests" */;
			buildPhases = (
				104ECFC42AB6273C0083B3D6 /* Sources */,
				104ECFC52AB6273C0083B3D6 /* Frameworks */,
				104ECFC62AB6273C0083B3D6 /* Resources */,
			);
			buildRules = (
			);
			dependencies = (
				104ECFCA2AB6273C0083B3D6 /* PBXTargetDependency */,
			);
			name = TodoTests;
			productName = TodoTests;
			productReference = 104ECFC82AB6273C0083B3D6 /* TodoTests.xctest */;
			productType = "com.apple.product-type.bundle.unit-test";
		};
/* End PBXNativeTarget section */

/* Begin PBXProject section */
		104ECFAA2AB627390083B3D6 /* Project object */ = {
			isa = PBXProject;
			attributes = {
				BuildIndependentTargetsInParallel = 1;
				LastSwiftUpdateCheck = 1420;
				LastUpgradeCheck = 1520;
				TargetAttributes = {
					104ECFB12AB627390083B3D6 = {
						CreatedOnToolsVersion = 14.2;
					};
					104ECFC72AB6273C0083B3D6 = {
						CreatedOnToolsVersion = 14.2;
						TestTargetID = 104ECFB12AB627390083B3D6;
					};
				};
			};
			buildConfigurationList = 104ECFAD2AB627390083B3D6 /* Build configuration list for PBXProject "Todo" */;
			compatibilityVersion = "Xcode 14.0";
			developmentRegion = en;
			hasScannedForEncodings = 0;
			knownRegions = (
				en,
				Base,
			);
			mainGroup = 104ECFA92AB627390083B3D6;
			packageReferences = (
				103AC0612B79475A000672DD /* XCRemoteSwiftPackageReference "SlideButton" */,
			);
			productRefGroup = 104ECFB32AB627390083B3D6 /* Products */;
			projectDirPath = "";
			projectRoot = "";
			targets = (
				104ECFB12AB627390083B3D6 /* Todo */,
				104ECFC72AB6273C0083B3D6 /* TodoTests */,
			);
		};
/* End PBXProject section */

/* Begin PBXResourcesBuildPhase section */
		104ECFB02AB627390083B3D6 /* Resources */ = {
			isa = PBXResourcesBuildPhase;
			buildActionMask = 2147483647;
			files = (
				104ECFBD2AB6273C0083B3D6 /* Preview Assets.xcassets in Resources */,
				102C3EB92AFA9EC40037B238 /* Assets.xcassets in Resources */,
				104ECFF42AB6370A0083B3D6 /* GoogleService-Info.plist in Resources */,
			);
			runOnlyForDeploymentPostprocessing = 0;
		};
		104ECFC62AB6273C0083B3D6 /* Resources */ = {
			isa = PBXResourcesBuildPhase;
			buildActionMask = 2147483647;
			files = (
			);
			runOnlyForDeploymentPostprocessing = 0;
		};
/* End PBXResourcesBuildPhase section */

/* Begin PBXSourcesBuildPhase section */
		104ECFAE2AB627390083B3D6 /* Sources */ = {
			isa = PBXSourcesBuildPhase;
			buildActionMask = 2147483647;
			files = (
				104ECFBF2AB6273C0083B3D6 /* Persistence.swift in Sources */,
				10A078D32ADAF3F900FE2BF0 /* TaskGroup.swift in Sources */,
				1051EEB92AD6F1E700B3C30B /* Predicate.swift in Sources */,
				10132CEB2AFC36D100B8DFAF /* ArraysOfIcons.swift in Sources */,
				105936D32AFBD75500823D41 /* Repeat.swift in Sources */,
				103AC0272B7906D5000672DD /* TabModel.swift in Sources */,
				1091F4DE2AFE63EB00A367A5 /* RoutingModel.swift in Sources */,
				10A078D52ADB108700FE2BF0 /* GroupedTaskView.swift in Sources */,
				1099B7692B0165DF007264F8 /* EditRemainder.swift in Sources */,
				101284892AE050DA00014C76 /* SearchViewModel.swift in Sources */,
				10132CE92AFC369200B8DFAF /* ArrayOfColors.swift in Sources */,
				104ECFF02AB628E50083B3D6 /* AuthViewModel.swift in Sources */,
				1050F2342AB8B862001EA255 /* AuthenticationManager.swift in Sources */,
				104ECFB82AB6273A0083B3D6 /* ContentView.swift in Sources */,
				102DE48E2AF3EC4B00AE9BD4 /* repeatCycleManager.swift in Sources */,
				1091F4E12AFE679200A367A5 /* NavigationManager.swift in Sources */,
				1050F2322AB8B2F5001EA255 /* PasswordField.swift in Sources */,
				1051EEB32AD6DC4A00B3C30B /* CDList.swift in Sources */,
				100CA9122ADC69D9004DCDA1 /* CDRemainderSchedule.swift in Sources */,
				10132CE52AFBEFA700B8DFAF /* DateFormatter.swift in Sources */,
				10E0E8712AB9EA1200E2359D /* Home.swift in Sources */,
				10EB44C02B02782B001EE0A1 /* EditList.swift in Sources */,
				10D72A772AC32BFC00193E93 /* DropDownMenu.swift in Sources */,
				10132CE72AFBF51400B8DFAF /* SheetManager.swift in Sources */,
				104ECFB62AB6273A0083B3D6 /* TodoApp.swift in Sources */,
				10E0E8732AB9EA1F00E2359D /* Settings.swift in Sources */,
				102C3EB52AFA79A20037B238 /* ListView.swift in Sources */,
				104ECFED2AB6288A0083B3D6 /* AuthModel.swift in Sources */,
				105936D02AFBD72D00823D41 /* Duration.swift in Sources */,
				10D72A702AC3228A00193E93 /* RemainderViewModel.swift in Sources */,
				10E0E87C2ABA0F0300E2359D /* Styles.swift in Sources */,
				1050F22B2AB8A164001EA255 /* SignUp.swift in Sources */,
				102C3EB72AFA82FF0037B238 /* Modifiers.swift in Sources */,
				103AC0292B79070C000672DD /* RemaindersTab.swift in Sources */,
				1050F2292AB8A14D001EA255 /* SignIn.swift in Sources */,
				10E0E8752AB9EA2C00E2359D /* Search.swift in Sources */,
				105AAC4E2AFD251400F44993 /* DurationManager.swift in Sources */,
				107075762AC1C44600793E13 /* AddList.swift in Sources */,
				105936CE2AFBD53700823D41 /* TimeView.swift in Sources */,
				10F9A4F22AC9C50E005B5231 /* CompletedView.swift in Sources */,
				105936CB2AFBC37200823D41 /* AddRemainder.swift in Sources */,
				106B7D052B6FB7CD00E5ABCF /* GroupedTaskModel.swift in Sources */,
				1070757B2AC1C50700793E13 /* ListViewModel.swift in Sources */,
				1051EEB52AD6DC5200B3C30B /* CDRemainders.swift in Sources */,
				1051EEB72AD6E77B00B3C30B /* PersistenceController.swift in Sources */,
				1051EEB12AD6D9EA00B3C30B /* TodoModel.xcdatamodeld in Sources */,
				102C3EBB2AFAB9050037B238 /* RemainderRow.swift in Sources */,
				10D72A752AC32A2C00193E93 /* RemainderView.swift in Sources */,
				1050F22D2AB8A173001EA255 /* AuthView.swift in Sources */,
				10CE85CC2AC44D6F0086C8DA /* Calender.swift in Sources */,
			);
			runOnlyForDeploymentPostprocessing = 0;
		};
		104ECFC42AB6273C0083B3D6 /* Sources */ = {
			isa = PBXSourcesBuildPhase;
			buildActionMask = 2147483647;
			files = (
				1033288F2B02A85B0093CEEA /* RemainderTest.swift in Sources */,
				103328922B02AEBF0093CEEA /* RouteTest.swift in Sources */,
				1033288D2B029D540093CEEA /* ListTest.swift in Sources */,
			);
			runOnlyForDeploymentPostprocessing = 0;
		};
/* End PBXSourcesBuildPhase section */

/* Begin PBXTargetDependency section */
		104ECFCA2AB6273C0083B3D6 /* PBXTargetDependency */ = {
			isa = PBXTargetDependency;
			target = 104ECFB12AB627390083B3D6 /* Todo */;
			targetProxy = 104ECFC92AB6273C0083B3D6 /* PBXContainerItemProxy */;
		};
/* End PBXTargetDependency section */

/* Begin XCBuildConfiguration section */
		104ECFDA2AB6273C0083B3D6 /* Debug */ = {
			isa = XCBuildConfiguration;
			buildSettings = {
				ALWAYS_SEARCH_USER_PATHS = NO;
				CLANG_ANALYZER_NONNULL = YES;
				CLANG_ANALYZER_NUMBER_OBJECT_CONVERSION = YES_AGGRESSIVE;
				CLANG_CXX_LANGUAGE_STANDARD = "gnu++20";
				CLANG_ENABLE_MODULES = YES;
				CLANG_ENABLE_OBJC_ARC = YES;
				CLANG_ENABLE_OBJC_WEAK = YES;
				CLANG_WARN_BLOCK_CAPTURE_AUTORELEASING = YES;
				CLANG_WARN_BOOL_CONVERSION = YES;
				CLANG_WARN_COMMA = YES;
				CLANG_WARN_CONSTANT_CONVERSION = YES;
				CLANG_WARN_DEPRECATED_OBJC_IMPLEMENTATIONS = YES;
				CLANG_WARN_DIRECT_OBJC_ISA_USAGE = YES_ERROR;
				CLANG_WARN_DOCUMENTATION_COMMENTS = YES;
				CLANG_WARN_EMPTY_BODY = YES;
				CLANG_WARN_ENUM_CONVERSION = YES;
				CLANG_WARN_INFINITE_RECURSION = YES;
				CLANG_WARN_INT_CONVERSION = YES;
				CLANG_WARN_NON_LITERAL_NULL_CONVERSION = YES;
				CLANG_WARN_OBJC_IMPLICIT_RETAIN_SELF = YES;
				CLANG_WARN_OBJC_LITERAL_CONVERSION = YES;
				CLANG_WARN_OBJC_ROOT_CLASS = YES_ERROR;
				CLANG_WARN_QUOTED_INCLUDE_IN_FRAMEWORK_HEADER = YES;
				CLANG_WARN_RANGE_LOOP_ANALYSIS = YES;
				CLANG_WARN_STRICT_PROTOTYPES = YES;
				CLANG_WARN_SUSPICIOUS_MOVE = YES;
				CLANG_WARN_UNGUARDED_AVAILABILITY = YES_AGGRESSIVE;
				CLANG_WARN_UNREACHABLE_CODE = YES;
				CLANG_WARN__DUPLICATE_METHOD_MATCH = YES;
				COPY_PHASE_STRIP = NO;
				DEBUG_INFORMATION_FORMAT = dwarf;
				ENABLE_STRICT_OBJC_MSGSEND = YES;
				ENABLE_TESTABILITY = YES;
				ENABLE_USER_SCRIPT_SANDBOXING = YES;
				GCC_C_LANGUAGE_STANDARD = gnu11;
				GCC_DYNAMIC_NO_PIC = NO;
				GCC_NO_COMMON_BLOCKS = YES;
				GCC_OPTIMIZATION_LEVEL = 0;
				GCC_PREPROCESSOR_DEFINITIONS = (
					"DEBUG=1",
					"$(inherited)",
				);
				GCC_WARN_64_TO_32_BIT_CONVERSION = YES;
				GCC_WARN_ABOUT_RETURN_TYPE = YES_ERROR;
				GCC_WARN_UNDECLARED_SELECTOR = YES;
				GCC_WARN_UNINITIALIZED_AUTOS = YES_AGGRESSIVE;
				GCC_WARN_UNUSED_FUNCTION = YES;
				GCC_WARN_UNUSED_VARIABLE = YES;
				IPHONEOS_DEPLOYMENT_TARGET = 16.2;
				MTL_ENABLE_DEBUG_INFO = INCLUDE_SOURCE;
				MTL_FAST_MATH = YES;
				ONLY_ACTIVE_ARCH = YES;
				SDKROOT = iphoneos;
				SWIFT_ACTIVE_COMPILATION_CONDITIONS = DEBUG;
				SWIFT_OPTIMIZATION_LEVEL = "-Onone";
			};
			name = Debug;
		};
		104ECFDB2AB6273C0083B3D6 /* Release */ = {
			isa = XCBuildConfiguration;
			buildSettings = {
				ALWAYS_SEARCH_USER_PATHS = NO;
				CLANG_ANALYZER_NONNULL = YES;
				CLANG_ANALYZER_NUMBER_OBJECT_CONVERSION = YES_AGGRESSIVE;
				CLANG_CXX_LANGUAGE_STANDARD = "gnu++20";
				CLANG_ENABLE_MODULES = YES;
				CLANG_ENABLE_OBJC_ARC = YES;
				CLANG_ENABLE_OBJC_WEAK = YES;
				CLANG_WARN_BLOCK_CAPTURE_AUTORELEASING = YES;
				CLANG_WARN_BOOL_CONVERSION = YES;
				CLANG_WARN_COMMA = YES;
				CLANG_WARN_CONSTANT_CONVERSION = YES;
				CLANG_WARN_DEPRECATED_OBJC_IMPLEMENTATIONS = YES;
				CLANG_WARN_DIRECT_OBJC_ISA_USAGE = YES_ERROR;
				CLANG_WARN_DOCUMENTATION_COMMENTS = YES;
				CLANG_WARN_EMPTY_BODY = YES;
				CLANG_WARN_ENUM_CONVERSION = YES;
				CLANG_WARN_INFINITE_RECURSION = YES;
				CLANG_WARN_INT_CONVERSION = YES;
				CLANG_WARN_NON_LITERAL_NULL_CONVERSION = YES;
				CLANG_WARN_OBJC_IMPLICIT_RETAIN_SELF = YES;
				CLANG_WARN_OBJC_LITERAL_CONVERSION = YES;
				CLANG_WARN_OBJC_ROOT_CLASS = YES_ERROR;
				CLANG_WARN_QUOTED_INCLUDE_IN_FRAMEWORK_HEADER = YES;
				CLANG_WARN_RANGE_LOOP_ANALYSIS = YES;
				CLANG_WARN_STRICT_PROTOTYPES = YES;
				CLANG_WARN_SUSPICIOUS_MOVE = YES;
				CLANG_WARN_UNGUARDED_AVAILABILITY = YES_AGGRESSIVE;
				CLANG_WARN_UNREACHABLE_CODE = YES;
				CLANG_WARN__DUPLICATE_METHOD_MATCH = YES;
				COPY_PHASE_STRIP = NO;
				DEBUG_INFORMATION_FORMAT = "dwarf-with-dsym";
				ENABLE_NS_ASSERTIONS = NO;
				ENABLE_STRICT_OBJC_MSGSEND = YES;
				ENABLE_USER_SCRIPT_SANDBOXING = YES;
				GCC_C_LANGUAGE_STANDARD = gnu11;
				GCC_NO_COMMON_BLOCKS = YES;
				GCC_WARN_64_TO_32_BIT_CONVERSION = YES;
				GCC_WARN_ABOUT_RETURN_TYPE = YES_ERROR;
				GCC_WARN_UNDECLARED_SELECTOR = YES;
				GCC_WARN_UNINITIALIZED_AUTOS = YES_AGGRESSIVE;
				GCC_WARN_UNUSED_FUNCTION = YES;
				GCC_WARN_UNUSED_VARIABLE = YES;
				IPHONEOS_DEPLOYMENT_TARGET = 16.2;
				MTL_ENABLE_DEBUG_INFO = NO;
				MTL_FAST_MATH = YES;
				SDKROOT = iphoneos;
				SWIFT_COMPILATION_MODE = wholemodule;
				SWIFT_OPTIMIZATION_LEVEL = "-O";
				VALIDATE_PRODUCT = YES;
			};
			name = Release;
		};
		104ECFDD2AB6273C0083B3D6 /* Debug */ = {
			isa = XCBuildConfiguration;
			buildSettings = {
				ASSETCATALOG_COMPILER_APPICON_NAME = AppIcon;
				ASSETCATALOG_COMPILER_GLOBAL_ACCENT_COLOR_NAME = AccentColor;
				CODE_SIGN_STYLE = Automatic;
				CURRENT_PROJECT_VERSION = 1;
				DEVELOPMENT_ASSET_PATHS = "\"Todo/Preview Content\"";
				DEVELOPMENT_TEAM = 8JB77APLGL;
				ENABLE_PREVIEWS = YES;
				GENERATE_INFOPLIST_FILE = YES;
				INFOPLIST_KEY_LSApplicationCategoryType = "public.app-category.productivity";
				INFOPLIST_KEY_UIApplicationSceneManifest_Generation = YES;
				INFOPLIST_KEY_UIApplicationSupportsIndirectInputEvents = YES;
				INFOPLIST_KEY_UILaunchScreen_Generation = YES;
				INFOPLIST_KEY_UISupportedInterfaceOrientations_iPad = "UIInterfaceOrientationPortrait UIInterfaceOrientationPortraitUpsideDown UIInterfaceOrientationLandscapeLeft UIInterfaceOrientationLandscapeRight";
				INFOPLIST_KEY_UISupportedInterfaceOrientations_iPhone = "UIInterfaceOrientationPortrait UIInterfaceOrientationLandscapeLeft UIInterfaceOrientationLandscapeRight";
				IPHONEOS_DEPLOYMENT_TARGET = 16.2;
				LD_RUNPATH_SEARCH_PATHS = (
					"$(inherited)",
					"@executable_path/Frameworks",
				);
				MARKETING_VERSION = 1.0;
				PRODUCT_BUNDLE_IDENTIFIER = com.ladulghanneey.Todo;
				PRODUCT_NAME = "$(TARGET_NAME)";
				SWIFT_EMIT_LOC_STRINGS = YES;
				SWIFT_VERSION = 5.0;
				TARGETED_DEVICE_FAMILY = "1,2";
			};
			name = Debug;
		};
		104ECFDE2AB6273C0083B3D6 /* Release */ = {
			isa = XCBuildConfiguration;
			buildSettings = {
				ASSETCATALOG_COMPILER_APPICON_NAME = AppIcon;
				ASSETCATALOG_COMPILER_GLOBAL_ACCENT_COLOR_NAME = AccentColor;
				CODE_SIGN_STYLE = Automatic;
				CURRENT_PROJECT_VERSION = 1;
				DEVELOPMENT_ASSET_PATHS = "\"Todo/Preview Content\"";
				DEVELOPMENT_TEAM = 8JB77APLGL;
				ENABLE_PREVIEWS = YES;
				GENERATE_INFOPLIST_FILE = YES;
				INFOPLIST_KEY_LSApplicationCategoryType = "public.app-category.productivity";
				INFOPLIST_KEY_UIApplicationSceneManifest_Generation = YES;
				INFOPLIST_KEY_UIApplicationSupportsIndirectInputEvents = YES;
				INFOPLIST_KEY_UILaunchScreen_Generation = YES;
				INFOPLIST_KEY_UISupportedInterfaceOrientations_iPad = "UIInterfaceOrientationPortrait UIInterfaceOrientationPortraitUpsideDown UIInterfaceOrientationLandscapeLeft UIInterfaceOrientationLandscapeRight";
				INFOPLIST_KEY_UISupportedInterfaceOrientations_iPhone = "UIInterfaceOrientationPortrait UIInterfaceOrientationLandscapeLeft UIInterfaceOrientationLandscapeRight";
				IPHONEOS_DEPLOYMENT_TARGET = 16.2;
				LD_RUNPATH_SEARCH_PATHS = (
					"$(inherited)",
					"@executable_path/Frameworks",
				);
				MARKETING_VERSION = 1.0;
				PRODUCT_BUNDLE_IDENTIFIER = com.ladulghanneey.Todo;
				PRODUCT_NAME = "$(TARGET_NAME)";
				SWIFT_EMIT_LOC_STRINGS = YES;
				SWIFT_VERSION = 5.0;
				TARGETED_DEVICE_FAMILY = "1,2";
			};
			name = Release;
		};
		104ECFE02AB6273C0083B3D6 /* Debug */ = {
			isa = XCBuildConfiguration;
			buildSettings = {
				ALWAYS_EMBED_SWIFT_STANDARD_LIBRARIES = YES;
				BUNDLE_LOADER = "$(TEST_HOST)";
				CODE_SIGN_STYLE = Automatic;
				CURRENT_PROJECT_VERSION = 1;
				DEVELOPMENT_TEAM = 8JB77APLGL;
				GENERATE_INFOPLIST_FILE = YES;
				IPHONEOS_DEPLOYMENT_TARGET = 16.2;
				MARKETING_VERSION = 1.0;
				PRODUCT_BUNDLE_IDENTIFIER = com.ladulghanneey.TodoTests;
				PRODUCT_NAME = "$(TARGET_NAME)";
				SWIFT_EMIT_LOC_STRINGS = NO;
				SWIFT_VERSION = 5.0;
				TARGETED_DEVICE_FAMILY = "1,2";
				TEST_HOST = "$(BUILT_PRODUCTS_DIR)/Todo.app/$(BUNDLE_EXECUTABLE_FOLDER_PATH)/Todo";
			};
			name = Debug;
		};
		104ECFE12AB6273C0083B3D6 /* Release */ = {
			isa = XCBuildConfiguration;
			buildSettings = {
				ALWAYS_EMBED_SWIFT_STANDARD_LIBRARIES = YES;
				BUNDLE_LOADER = "$(TEST_HOST)";
				CODE_SIGN_STYLE = Automatic;
				CURRENT_PROJECT_VERSION = 1;
				DEVELOPMENT_TEAM = 8JB77APLGL;
				GENERATE_INFOPLIST_FILE = YES;
				IPHONEOS_DEPLOYMENT_TARGET = 16.2;
				MARKETING_VERSION = 1.0;
				PRODUCT_BUNDLE_IDENTIFIER = com.ladulghanneey.TodoTests;
				PRODUCT_NAME = "$(TARGET_NAME)";
				SWIFT_EMIT_LOC_STRINGS = NO;
				SWIFT_VERSION = 5.0;
				TARGETED_DEVICE_FAMILY = "1,2";
				TEST_HOST = "$(BUILT_PRODUCTS_DIR)/Todo.app/$(BUNDLE_EXECUTABLE_FOLDER_PATH)/Todo";
			};
			name = Release;
		};
/* End XCBuildConfiguration section */

/* Begin XCConfigurationList section */
		104ECFAD2AB627390083B3D6 /* Build configuration list for PBXProject "Todo" */ = {
			isa = XCConfigurationList;
			buildConfigurations = (
				104ECFDA2AB6273C0083B3D6 /* Debug */,
				104ECFDB2AB6273C0083B3D6 /* Release */,
			);
			defaultConfigurationIsVisible = 0;
			defaultConfigurationName = Release;
		};
		104ECFDC2AB6273C0083B3D6 /* Build configuration list for PBXNativeTarget "Todo" */ = {
			isa = XCConfigurationList;
			buildConfigurations = (
				104ECFDD2AB6273C0083B3D6 /* Debug */,
				104ECFDE2AB6273C0083B3D6 /* Release */,
			);
			defaultConfigurationIsVisible = 0;
			defaultConfigurationName = Release;
		};
		104ECFDF2AB6273C0083B3D6 /* Build configuration list for PBXNativeTarget "TodoTests" */ = {
			isa = XCConfigurationList;
			buildConfigurations = (
				104ECFE02AB6273C0083B3D6 /* Debug */,
				104ECFE12AB6273C0083B3D6 /* Release */,
			);
			defaultConfigurationIsVisible = 0;
			defaultConfigurationName = Release;
		};
/* End XCConfigurationList section */

/* Begin XCRemoteSwiftPackageReference section */
		103AC0612B79475A000672DD /* XCRemoteSwiftPackageReference "SlideButton" */ = {
			isa = XCRemoteSwiftPackageReference;
			repositoryURL = "https://github.com/no-comment/SlideButton";
			requirement = {
				branch = main;
				kind = branch;
			};
		};
/* End XCRemoteSwiftPackageReference section */

/* Begin XCSwiftPackageProductDependency section */
		107A04B52B794DAC00233ADC /* SlideButton */ = {
			isa = XCSwiftPackageProductDependency;
			package = 103AC0612B79475A000672DD /* XCRemoteSwiftPackageReference "SlideButton" */;
			productName = SlideButton;
		};
/* End XCSwiftPackageProductDependency section */

/* Begin XCVersionGroup section */
		1051EEAF2AD6D9EA00B3C30B /* TodoModel.xcdatamodeld */ = {
			isa = XCVersionGroup;
			children = (
				1051EEB02AD6D9EA00B3C30B /* TodoModel.xcdatamodel */,
			);
			currentVersion = 1051EEB02AD6D9EA00B3C30B /* TodoModel.xcdatamodel */;
			path = TodoModel.xcdatamodeld;
			sourceTree = "<group>";
			versionGroupType = wrapper.xcdatamodel;
		};
/* End XCVersionGroup section */
	};
	rootObject = 104ECFAA2AB627390083B3D6 /* Project object */;
}
